
Microsoft Visual Studio Solution File, Format Version 12.00
# Visual Studio Version 17
VisualStudioVersion = 17.3.32929.385
MinimumVisualStudioVersion = 10.0.40219.1
Project("{2150E333-8FDC-42A3-9474-1A3956D46DE8}") = "SyZero.Core", "SyZero.Core", "{8EEDACC2-BBB6-4002-8CC4-06E922F29ECD}"
EndProject
Project("{9A19103F-16F7-4668-BE54-9A1E7A4F7556}") = "SyZero.AspNetCore", "SyZero.Core\SyZero.AspNetCore\SyZero.AspNetCore.csproj", "{05109E72-8E41-4BE7-99E0-CD4907EA3F59}"
EndProject
Project("{9A19103F-16F7-4668-BE54-9A1E7A4F7556}") = "SyZero", "SyZero.Core\SyZero\SyZero.csproj", "{84652B9B-A8B9-49E1-9A5C-53C040C12A7A}"
EndProject
Project("{9A19103F-16F7-4668-BE54-9A1E7A4F7556}") = "SyZero.AutoMapper", "SyZero.Core\SyZero.AutoMapper\SyZero.AutoMapper.csproj", "{CA7CAB60-2892-4219-9667-AAB7EF9CED69}"
EndProject
Project("{9A19103F-16F7-4668-BE54-9A1E7A4F7556}") = "SyZero.Consul", "SyZero.Core\SyZero.Consul\SyZero.Consul.csproj", "{9393C53D-6F6C-4A9E-B0E7-3641C2B84048}"
EndProject
Project("{9A19103F-16F7-4668-BE54-9A1E7A4F7556}") = "SyZero.EntityFrameworkCore", "SyZero.Core\SyZero.EntityFrameworkCore\SyZero.EntityFrameworkCore.csproj", "{DA2CB659-CE97-4A40-B3C6-736A1C0C5344}"
EndProject
Project("{9A19103F-16F7-4668-BE54-9A1E7A4F7556}") = "SyZero.Log4Net", "SyZero.Core\SyZero.Log4Net\SyZero.Log4Net.csproj", "{62B1A7CA-767F-4FBA-BA49-A9EFE846C455}"
EndProject
Project("{9A19103F-16F7-4668-BE54-9A1E7A4F7556}") = "SyZero.MongoDB", "SyZero.Core\SyZero.MongoDB\SyZero.MongoDB.csproj", "{CA988525-74E5-4AA8-B693-05F23CE35EEE}"
EndProject
Project("{9A19103F-16F7-4668-BE54-9A1E7A4F7556}") = "SyZero.Redis", "SyZero.Core\SyZero.Redis\SyZero.Redis.csproj", "{2E309D68-12BB-483A-8D18-4BE97152A35F}"
EndProject
Project("{9A19103F-16F7-4668-BE54-9A1E7A4F7556}") = "SyZero.ApiGateway", "SyZero.Core\SyZero.ApiGateway\SyZero.ApiGateway.csproj", "{3E05D1BD-3432-4774-9502-3B716CA40D26}"
EndProject
Project("{9A19103F-16F7-4668-BE54-9A1E7A4F7556}") = "SyZero.SqlSugar", "SyZero.Core\SyZero.SqlSugar\SyZero.SqlSugar.csproj", "{57E7BED5-C075-4064-B93A-71182DD09FF9}"
EndProject
Project("{9A19103F-16F7-4668-BE54-9A1E7A4F7556}") = "SyZero.DynamicWebApi", "SyZero.Core\SyZero.DynamicWebApi\SyZero.DynamicWebApi.csproj", "{8FDAB75F-5ED6-4499-A128-9153E8593CF0}"
EndProject
Project("{9A19103F-16F7-4668-BE54-9A1E7A4F7556}") = "SyZero.Web.Common", "SyZero.Core\SyZero.Web.Common\SyZero.Web.Common.csproj", "{81801E09-E74B-4208-A06D-50760C10AD2F}"
EndProject
Project("{9A19103F-16F7-4668-BE54-9A1E7A4F7556}") = "SyZero.Feign", "SyZero.Core\SyZero.Feign\SyZero.Feign.csproj", "{7F2AA8CF-464D-429A-9AB9-CD5E7E5EB0CA}"
EndProject
Project("{9A19103F-16F7-4668-BE54-9A1E7A4F7556}") = "SyZero.Swagger", "SyZero.Core\SyZero.Swagger\SyZero.Swagger.csproj", "{A889ED04-67EE-41C6-9622-CAA1D854381D}"
EndProject
Project("{9A19103F-16F7-4668-BE54-9A1E7A4F7556}") = "SyZero.Nacos", "SyZero.Core\SyZero.Nacos\SyZero.Nacos.csproj", "{518B403F-CE96-4DF2-B0A3-F91B786C9D83}"
EndProject
Project("{FAE04EC0-301F-11D3-BF4B-00C04F79EFBC}") = "SyZero.OpenTelemetry", "SyZero.Core\SyZero.OpenTelemetry\SyZero.OpenTelemetry.csproj", "{626C52D9-775D-8A7B-E8DF-236B18858F56}"
EndProject
Project("{2150E333-8FDC-42A3-9474-1A3956D46DE8}") = "SyZero.Gateway", "SyZero.Gateway", "{02EA681E-C7D8-13C7-8484-4AC65E1B71E8}"
EndProject
Project("{2150E333-8FDC-42A3-9474-1A3956D46DE8}") = "SyZero.Service", "SyZero.Service", "{CBF529B0-820E-4578-BE05-0A094FF8405B}"
EndProject
Project("{FAE04EC0-301F-11D3-BF4B-00C04F79EFBC}") = "SyZero.Gateway", "SyZero.Gateway\SyZero.Gateway.csproj", "{68138793-E8F4-1CBB-6221-C831F95A97E7}"
EndProject
Project("{2150E333-8FDC-42A3-9474-1A3956D46DE8}") = "SyZero.Example1.Service", "SyZero.Example1.Service", "{E37B3846-F08B-42D7-B195-17D5FE5C3CCB}"
EndProject
Project("{2150E333-8FDC-42A3-9474-1A3956D46DE8}") = "SyZero.Example2.Service", "SyZero.Example2.Service", "{0A1F9E17-DDC8-4145-86DF-0CB448282DF0}"
EndProject
Project("{FAE04EC0-301F-11D3-BF4B-00C04F79EFBC}") = "SyZero.Example1.Core", "SyZero.Service\SyZero.Example1.Service\SyZero.Example1.Core\SyZero.Example1.Core.csproj", "{F40A107C-FC31-D971-ABF1-B985025722D3}"
EndProject
Project("{FAE04EC0-301F-11D3-BF4B-00C04F79EFBC}") = "SyZero.Example1.IApplication", "SyZero.Service\SyZero.Example1.Service\SyZero.Example1.IApplication\SyZero.Example1.IApplication.csproj", "{7E760686-4E49-67F3-A666-B19B9B821A50}"
EndProject
Project("{FAE04EC0-301F-11D3-BF4B-00C04F79EFBC}") = "SyZero.Example1.Application", "SyZero.Service\SyZero.Example1.Service\SyZero.Example1.Application\SyZero.Example1.Application.csproj", "{2C4DD28D-4442-2F35-0CF0-CE2A88C1CD77}"
EndProject
Project("{FAE04EC0-301F-11D3-BF4B-00C04F79EFBC}") = "SyZero.Example1.Web", "SyZero.Service\SyZero.Example1.Service\SyZero.Example1.Web\SyZero.Example1.Web.csproj", "{CE4D24A8-D142-9ADD-B69D-4C01C127E106}"
EndProject
Project("{FAE04EC0-301F-11D3-BF4B-00C04F79EFBC}") = "SyZero.Example2.Core", "SyZero.Service\SyZero.Example2.Service\SyZero.Example2.Core\SyZero.Example2.Core.csproj", "{BCDCB179-1767-BB70-4D25-40AE103EF232}"
EndProject
Project("{FAE04EC0-301F-11D3-BF4B-00C04F79EFBC}") = "SyZero.Example2.IApplication", "SyZero.Service\SyZero.Example2.Service\SyZero.Example2.IApplication\SyZero.Example2.IApplication.csproj", "{30216AB5-6C58-F67C-FC1E-C32C7A496CC0}"
EndProject
Project("{FAE04EC0-301F-11D3-BF4B-00C04F79EFBC}") = "SyZero.Example2.Application", "SyZero.Service\SyZero.Example2.Service\SyZero.Example2.Application\SyZero.Example2.Application.csproj", "{C2BC27BC-CF79-F4C1-7595-9D0ACC923ECD}"
EndProject
Project("{FAE04EC0-301F-11D3-BF4B-00C04F79EFBC}") = "SyZero.Example2.Web", "SyZero.Service\SyZero.Example2.Service\SyZero.Example2.Web\SyZero.Example2.Web.csproj", "{7E0189AB-5EDC-A1EE-37C7-C3D1B469E22E}"
EndProject
Project("{FAE04EC0-301F-11D3-BF4B-00C04F79EFBC}") = "SyZero.DynamicGrpc", "SyZero.Core\SyZero.DynamicGrpc\SyZero.DynamicGrpc.csproj", "{784701D7-628E-23DF-B7F9-B0ABA8E0ACA9}"
EndProject
Global
	GlobalSection(SolutionConfigurationPlatforms) = preSolution
		Debug|Any CPU = Debug|Any CPU
		Debug|x64 = Debug|x64
		Release|Any CPU = Release|Any CPU
		Release|x64 = Release|x64
	EndGlobalSection
	GlobalSection(ProjectConfigurationPlatforms) = postSolution
		{05109E72-8E41-4BE7-99E0-CD4907EA3F59}.Debug|Any CPU.ActiveCfg = Debug|Any CPU
		{05109E72-8E41-4BE7-99E0-CD4907EA3F59}.Debug|Any CPU.Build.0 = Debug|Any CPU
		{05109E72-8E41-4BE7-99E0-CD4907EA3F59}.Debug|x64.ActiveCfg = Debug|Any CPU
		{05109E72-8E41-4BE7-99E0-CD4907EA3F59}.Debug|x64.Build.0 = Debug|Any CPU
		{05109E72-8E41-4BE7-99E0-CD4907EA3F59}.Release|Any CPU.ActiveCfg = Release|Any CPU
		{05109E72-8E41-4BE7-99E0-CD4907EA3F59}.Release|Any CPU.Build.0 = Release|Any CPU
		{05109E72-8E41-4BE7-99E0-CD4907EA3F59}.Release|x64.ActiveCfg = Release|Any CPU
		{05109E72-8E41-4BE7-99E0-CD4907EA3F59}.Release|x64.Build.0 = Release|Any CPU
		{84652B9B-A8B9-49E1-9A5C-53C040C12A7A}.Debug|Any CPU.ActiveCfg = Debug|Any CPU
		{84652B9B-A8B9-49E1-9A5C-53C040C12A7A}.Debug|Any CPU.Build.0 = Debug|Any CPU
		{84652B9B-A8B9-49E1-9A5C-53C040C12A7A}.Debug|x64.ActiveCfg = Debug|Any CPU
		{84652B9B-A8B9-49E1-9A5C-53C040C12A7A}.Debug|x64.Build.0 = Debug|Any CPU
		{84652B9B-A8B9-49E1-9A5C-53C040C12A7A}.Release|Any CPU.ActiveCfg = Release|Any CPU
		{84652B9B-A8B9-49E1-9A5C-53C040C12A7A}.Release|Any CPU.Build.0 = Release|Any CPU
		{84652B9B-A8B9-49E1-9A5C-53C040C12A7A}.Release|x64.ActiveCfg = Release|Any CPU
		{84652B9B-A8B9-49E1-9A5C-53C040C12A7A}.Release|x64.Build.0 = Release|Any CPU
		{CA7CAB60-2892-4219-9667-AAB7EF9CED69}.Debug|Any CPU.ActiveCfg = Debug|Any CPU
		{CA7CAB60-2892-4219-9667-AAB7EF9CED69}.Debug|Any CPU.Build.0 = Debug|Any CPU
		{CA7CAB60-2892-4219-9667-AAB7EF9CED69}.Debug|x64.ActiveCfg = Debug|Any CPU
		{CA7CAB60-2892-4219-9667-AAB7EF9CED69}.Debug|x64.Build.0 = Debug|Any CPU
		{CA7CAB60-2892-4219-9667-AAB7EF9CED69}.Release|Any CPU.ActiveCfg = Release|Any CPU
		{CA7CAB60-2892-4219-9667-AAB7EF9CED69}.Release|Any CPU.Build.0 = Release|Any CPU
		{CA7CAB60-2892-4219-9667-AAB7EF9CED69}.Release|x64.ActiveCfg = Release|Any CPU
		{CA7CAB60-2892-4219-9667-AAB7EF9CED69}.Release|x64.Build.0 = Release|Any CPU
		{9393C53D-6F6C-4A9E-B0E7-3641C2B84048}.Debug|Any CPU.ActiveCfg = Debug|Any CPU
		{9393C53D-6F6C-4A9E-B0E7-3641C2B84048}.Debug|Any CPU.Build.0 = Debug|Any CPU
		{9393C53D-6F6C-4A9E-B0E7-3641C2B84048}.Debug|x64.ActiveCfg = Debug|Any CPU
		{9393C53D-6F6C-4A9E-B0E7-3641C2B84048}.Debug|x64.Build.0 = Debug|Any CPU
		{9393C53D-6F6C-4A9E-B0E7-3641C2B84048}.Release|Any CPU.ActiveCfg = Release|Any CPU
		{9393C53D-6F6C-4A9E-B0E7-3641C2B84048}.Release|Any CPU.Build.0 = Release|Any CPU
		{9393C53D-6F6C-4A9E-B0E7-3641C2B84048}.Release|x64.ActiveCfg = Release|Any CPU
		{9393C53D-6F6C-4A9E-B0E7-3641C2B84048}.Release|x64.Build.0 = Release|Any CPU
		{DA2CB659-CE97-4A40-B3C6-736A1C0C5344}.Debug|Any CPU.ActiveCfg = Debug|Any CPU
		{DA2CB659-CE97-4A40-B3C6-736A1C0C5344}.Debug|Any CPU.Build.0 = Debug|Any CPU
		{DA2CB659-CE97-4A40-B3C6-736A1C0C5344}.Debug|x64.ActiveCfg = Debug|Any CPU
		{DA2CB659-CE97-4A40-B3C6-736A1C0C5344}.Debug|x64.Build.0 = Debug|Any CPU
		{DA2CB659-CE97-4A40-B3C6-736A1C0C5344}.Release|Any CPU.ActiveCfg = Release|Any CPU
		{DA2CB659-CE97-4A40-B3C6-736A1C0C5344}.Release|Any CPU.Build.0 = Release|Any CPU
		{DA2CB659-CE97-4A40-B3C6-736A1C0C5344}.Release|x64.ActiveCfg = Release|Any CPU
		{DA2CB659-CE97-4A40-B3C6-736A1C0C5344}.Release|x64.Build.0 = Release|Any CPU
		{62B1A7CA-767F-4FBA-BA49-A9EFE846C455}.Debug|Any CPU.ActiveCfg = Debug|Any CPU
		{62B1A7CA-767F-4FBA-BA49-A9EFE846C455}.Debug|Any CPU.Build.0 = Debug|Any CPU
		{62B1A7CA-767F-4FBA-BA49-A9EFE846C455}.Debug|x64.ActiveCfg = Debug|Any CPU
		{62B1A7CA-767F-4FBA-BA49-A9EFE846C455}.Debug|x64.Build.0 = Debug|Any CPU
		{62B1A7CA-767F-4FBA-BA49-A9EFE846C455}.Release|Any CPU.ActiveCfg = Release|Any CPU
		{62B1A7CA-767F-4FBA-BA49-A9EFE846C455}.Release|Any CPU.Build.0 = Release|Any CPU
		{62B1A7CA-767F-4FBA-BA49-A9EFE846C455}.Release|x64.ActiveCfg = Release|Any CPU
		{62B1A7CA-767F-4FBA-BA49-A9EFE846C455}.Release|x64.Build.0 = Release|Any CPU
		{CA988525-74E5-4AA8-B693-05F23CE35EEE}.Debug|Any CPU.ActiveCfg = Debug|Any CPU
		{CA988525-74E5-4AA8-B693-05F23CE35EEE}.Debug|Any CPU.Build.0 = Debug|Any CPU
		{CA988525-74E5-4AA8-B693-05F23CE35EEE}.Debug|x64.ActiveCfg = Debug|Any CPU
		{CA988525-74E5-4AA8-B693-05F23CE35EEE}.Debug|x64.Build.0 = Debug|Any CPU
		{CA988525-74E5-4AA8-B693-05F23CE35EEE}.Release|Any CPU.ActiveCfg = Release|Any CPU
		{CA988525-74E5-4AA8-B693-05F23CE35EEE}.Release|Any CPU.Build.0 = Release|Any CPU
		{CA988525-74E5-4AA8-B693-05F23CE35EEE}.Release|x64.ActiveCfg = Release|Any CPU
		{CA988525-74E5-4AA8-B693-05F23CE35EEE}.Release|x64.Build.0 = Release|Any CPU
		{2E309D68-12BB-483A-8D18-4BE97152A35F}.Debug|Any CPU.ActiveCfg = Debug|Any CPU
		{2E309D68-12BB-483A-8D18-4BE97152A35F}.Debug|Any CPU.Build.0 = Debug|Any CPU
		{2E309D68-12BB-483A-8D18-4BE97152A35F}.Debug|x64.ActiveCfg = Debug|Any CPU
		{2E309D68-12BB-483A-8D18-4BE97152A35F}.Debug|x64.Build.0 = Debug|Any CPU
		{2E309D68-12BB-483A-8D18-4BE97152A35F}.Release|Any CPU.ActiveCfg = Release|Any CPU
		{2E309D68-12BB-483A-8D18-4BE97152A35F}.Release|Any CPU.Build.0 = Release|Any CPU
		{2E309D68-12BB-483A-8D18-4BE97152A35F}.Release|x64.ActiveCfg = Release|Any CPU
		{2E309D68-12BB-483A-8D18-4BE97152A35F}.Release|x64.Build.0 = Release|Any CPU
		{3E05D1BD-3432-4774-9502-3B716CA40D26}.Debug|Any CPU.ActiveCfg = Debug|Any CPU
		{3E05D1BD-3432-4774-9502-3B716CA40D26}.Debug|Any CPU.Build.0 = Debug|Any CPU
		{3E05D1BD-3432-4774-9502-3B716CA40D26}.Debug|x64.ActiveCfg = Debug|Any CPU
		{3E05D1BD-3432-4774-9502-3B716CA40D26}.Debug|x64.Build.0 = Debug|Any CPU
		{3E05D1BD-3432-4774-9502-3B716CA40D26}.Release|Any CPU.ActiveCfg = Release|Any CPU
		{3E05D1BD-3432-4774-9502-3B716CA40D26}.Release|Any CPU.Build.0 = Release|Any CPU
		{3E05D1BD-3432-4774-9502-3B716CA40D26}.Release|x64.ActiveCfg = Release|Any CPU
		{3E05D1BD-3432-4774-9502-3B716CA40D26}.Release|x64.Build.0 = Release|Any CPU
		{57E7BED5-C075-4064-B93A-71182DD09FF9}.Debug|Any CPU.ActiveCfg = Debug|Any CPU
		{57E7BED5-C075-4064-B93A-71182DD09FF9}.Debug|Any CPU.Build.0 = Debug|Any CPU
		{57E7BED5-C075-4064-B93A-71182DD09FF9}.Debug|x64.ActiveCfg = Debug|Any CPU
		{57E7BED5-C075-4064-B93A-71182DD09FF9}.Debug|x64.Build.0 = Debug|Any CPU
		{57E7BED5-C075-4064-B93A-71182DD09FF9}.Release|Any CPU.ActiveCfg = Release|Any CPU
		{57E7BED5-C075-4064-B93A-71182DD09FF9}.Release|Any CPU.Build.0 = Release|Any CPU
		{57E7BED5-C075-4064-B93A-71182DD09FF9}.Release|x64.ActiveCfg = Release|Any CPU
		{57E7BED5-C075-4064-B93A-71182DD09FF9}.Release|x64.Build.0 = Release|Any CPU
		{8FDAB75F-5ED6-4499-A128-9153E8593CF0}.Debug|Any CPU.ActiveCfg = Debug|Any CPU
		{8FDAB75F-5ED6-4499-A128-9153E8593CF0}.Debug|Any CPU.Build.0 = Debug|Any CPU
		{8FDAB75F-5ED6-4499-A128-9153E8593CF0}.Debug|x64.ActiveCfg = Debug|Any CPU
		{8FDAB75F-5ED6-4499-A128-9153E8593CF0}.Debug|x64.Build.0 = Debug|Any CPU
		{8FDAB75F-5ED6-4499-A128-9153E8593CF0}.Release|Any CPU.ActiveCfg = Release|Any CPU
		{8FDAB75F-5ED6-4499-A128-9153E8593CF0}.Release|Any CPU.Build.0 = Release|Any CPU
		{8FDAB75F-5ED6-4499-A128-9153E8593CF0}.Release|x64.ActiveCfg = Release|Any CPU
		{8FDAB75F-5ED6-4499-A128-9153E8593CF0}.Release|x64.Build.0 = Release|Any CPU
		{81801E09-E74B-4208-A06D-50760C10AD2F}.Debug|Any CPU.ActiveCfg = Debug|Any CPU
		{81801E09-E74B-4208-A06D-50760C10AD2F}.Debug|Any CPU.Build.0 = Debug|Any CPU
		{81801E09-E74B-4208-A06D-50760C10AD2F}.Debug|x64.ActiveCfg = Debug|Any CPU
		{81801E09-E74B-4208-A06D-50760C10AD2F}.Debug|x64.Build.0 = Debug|Any CPU
		{81801E09-E74B-4208-A06D-50760C10AD2F}.Release|Any CPU.ActiveCfg = Release|Any CPU
		{81801E09-E74B-4208-A06D-50760C10AD2F}.Release|Any CPU.Build.0 = Release|Any CPU
		{81801E09-E74B-4208-A06D-50760C10AD2F}.Release|x64.ActiveCfg = Release|Any CPU
		{81801E09-E74B-4208-A06D-50760C10AD2F}.Release|x64.Build.0 = Release|Any CPU
		{7F2AA8CF-464D-429A-9AB9-CD5E7E5EB0CA}.Debug|Any CPU.ActiveCfg = Debug|Any CPU
		{7F2AA8CF-464D-429A-9AB9-CD5E7E5EB0CA}.Debug|Any CPU.Build.0 = Debug|Any CPU
		{7F2AA8CF-464D-429A-9AB9-CD5E7E5EB0CA}.Debug|x64.ActiveCfg = Debug|Any CPU
		{7F2AA8CF-464D-429A-9AB9-CD5E7E5EB0CA}.Debug|x64.Build.0 = Debug|Any CPU
		{7F2AA8CF-464D-429A-9AB9-CD5E7E5EB0CA}.Release|Any CPU.ActiveCfg = Release|Any CPU
		{7F2AA8CF-464D-429A-9AB9-CD5E7E5EB0CA}.Release|Any CPU.Build.0 = Release|Any CPU
		{7F2AA8CF-464D-429A-9AB9-CD5E7E5EB0CA}.Release|x64.ActiveCfg = Release|Any CPU
		{7F2AA8CF-464D-429A-9AB9-CD5E7E5EB0CA}.Release|x64.Build.0 = Release|Any CPU
		{A889ED04-67EE-41C6-9622-CAA1D854381D}.Debug|Any CPU.ActiveCfg = Debug|Any CPU
		{A889ED04-67EE-41C6-9622-CAA1D854381D}.Debug|Any CPU.Build.0 = Debug|Any CPU
		{A889ED04-67EE-41C6-9622-CAA1D854381D}.Debug|x64.ActiveCfg = Debug|Any CPU
		{A889ED04-67EE-41C6-9622-CAA1D854381D}.Debug|x64.Build.0 = Debug|Any CPU
		{A889ED04-67EE-41C6-9622-CAA1D854381D}.Release|Any CPU.ActiveCfg = Release|Any CPU
		{A889ED04-67EE-41C6-9622-CAA1D854381D}.Release|Any CPU.Build.0 = Release|Any CPU
		{A889ED04-67EE-41C6-9622-CAA1D854381D}.Release|x64.ActiveCfg = Release|Any CPU
		{A889ED04-67EE-41C6-9622-CAA1D854381D}.Release|x64.Build.0 = Release|Any CPU
		{518B403F-CE96-4DF2-B0A3-F91B786C9D83}.Debug|Any CPU.ActiveCfg = Debug|Any CPU
		{518B403F-CE96-4DF2-B0A3-F91B786C9D83}.Debug|Any CPU.Build.0 = Debug|Any CPU
		{518B403F-CE96-4DF2-B0A3-F91B786C9D83}.Debug|x64.ActiveCfg = Debug|Any CPU
		{518B403F-CE96-4DF2-B0A3-F91B786C9D83}.Debug|x64.Build.0 = Debug|Any CPU
		{518B403F-CE96-4DF2-B0A3-F91B786C9D83}.Release|Any CPU.ActiveCfg = Release|Any CPU
		{518B403F-CE96-4DF2-B0A3-F91B786C9D83}.Release|Any CPU.Build.0 = Release|Any CPU
		{518B403F-CE96-4DF2-B0A3-F91B786C9D83}.Release|x64.ActiveCfg = Release|Any CPU
		{518B403F-CE96-4DF2-B0A3-F91B786C9D83}.Release|x64.Build.0 = Release|Any CPU
		{626C52D9-775D-8A7B-E8DF-236B18858F56}.Debug|Any CPU.ActiveCfg = Debug|Any CPU
		{626C52D9-775D-8A7B-E8DF-236B18858F56}.Debug|Any CPU.Build.0 = Debug|Any CPU
		{626C52D9-775D-8A7B-E8DF-236B18858F56}.Debug|x64.ActiveCfg = Debug|Any CPU
		{626C52D9-775D-8A7B-E8DF-236B18858F56}.Debug|x64.Build.0 = Debug|Any CPU
		{626C52D9-775D-8A7B-E8DF-236B18858F56}.Release|Any CPU.ActiveCfg = Release|Any CPU
		{626C52D9-775D-8A7B-E8DF-236B18858F56}.Release|Any CPU.Build.0 = Release|Any CPU
		{626C52D9-775D-8A7B-E8DF-236B18858F56}.Release|x64.ActiveCfg = Release|Any CPU
		{626C52D9-775D-8A7B-E8DF-236B18858F56}.Release|x64.Build.0 = Release|Any CPU
		{68138793-E8F4-1CBB-6221-C831F95A97E7}.Debug|Any CPU.ActiveCfg = Debug|Any CPU
		{68138793-E8F4-1CBB-6221-C831F95A97E7}.Debug|Any CPU.Build.0 = Debug|Any CPU
		{68138793-E8F4-1CBB-6221-C831F95A97E7}.Debug|x64.ActiveCfg = Debug|Any CPU
		{68138793-E8F4-1CBB-6221-C831F95A97E7}.Debug|x64.Build.0 = Debug|Any CPU
		{68138793-E8F4-1CBB-6221-C831F95A97E7}.Release|Any CPU.ActiveCfg = Release|Any CPU
		{68138793-E8F4-1CBB-6221-C831F95A97E7}.Release|Any CPU.Build.0 = Release|Any CPU
		{68138793-E8F4-1CBB-6221-C831F95A97E7}.Release|x64.ActiveCfg = Release|Any CPU
		{68138793-E8F4-1CBB-6221-C831F95A97E7}.Release|x64.Build.0 = Release|Any CPU
		{F40A107C-FC31-D971-ABF1-B985025722D3}.Debug|Any CPU.ActiveCfg = Debug|Any CPU
		{F40A107C-FC31-D971-ABF1-B985025722D3}.Debug|Any CPU.Build.0 = Debug|Any CPU
		{F40A107C-FC31-D971-ABF1-B985025722D3}.Debug|x64.ActiveCfg = Debug|x64
		{F40A107C-FC31-D971-ABF1-B985025722D3}.Debug|x64.Build.0 = Debug|x64
		{F40A107C-FC31-D971-ABF1-B985025722D3}.Release|Any CPU.ActiveCfg = Release|Any CPU
		{F40A107C-FC31-D971-ABF1-B985025722D3}.Release|Any CPU.Build.0 = Release|Any CPU
		{F40A107C-FC31-D971-ABF1-B985025722D3}.Release|x64.ActiveCfg = Release|x64
		{F40A107C-FC31-D971-ABF1-B985025722D3}.Release|x64.Build.0 = Release|x64
		{7E760686-4E49-67F3-A666-B19B9B821A50}.Debug|Any CPU.ActiveCfg = Debug|Any CPU
		{7E760686-4E49-67F3-A666-B19B9B821A50}.Debug|Any CPU.Build.0 = Debug|Any CPU
		{7E760686-4E49-67F3-A666-B19B9B821A50}.Debug|x64.ActiveCfg = Debug|Any CPU
		{7E760686-4E49-67F3-A666-B19B9B821A50}.Debug|x64.Build.0 = Debug|Any CPU
		{7E760686-4E49-67F3-A666-B19B9B821A50}.Release|Any CPU.ActiveCfg = Release|Any CPU
		{7E760686-4E49-67F3-A666-B19B9B821A50}.Release|Any CPU.Build.0 = Release|Any CPU
		{7E760686-4E49-67F3-A666-B19B9B821A50}.Release|x64.ActiveCfg = Release|Any CPU
		{7E760686-4E49-67F3-A666-B19B9B821A50}.Release|x64.Build.0 = Release|Any CPU
		{2C4DD28D-4442-2F35-0CF0-CE2A88C1CD77}.Debug|Any CPU.ActiveCfg = Debug|Any CPU
		{2C4DD28D-4442-2F35-0CF0-CE2A88C1CD77}.Debug|Any CPU.Build.0 = Debug|Any CPU
		{2C4DD28D-4442-2F35-0CF0-CE2A88C1CD77}.Debug|x64.ActiveCfg = Debug|x64
		{2C4DD28D-4442-2F35-0CF0-CE2A88C1CD77}.Debug|x64.Build.0 = Debug|x64
		{2C4DD28D-4442-2F35-0CF0-CE2A88C1CD77}.Release|Any CPU.ActiveCfg = Release|Any CPU
		{2C4DD28D-4442-2F35-0CF0-CE2A88C1CD77}.Release|Any CPU.Build.0 = Release|Any CPU
		{2C4DD28D-4442-2F35-0CF0-CE2A88C1CD77}.Release|x64.ActiveCfg = Release|x64
		{2C4DD28D-4442-2F35-0CF0-CE2A88C1CD77}.Release|x64.Build.0 = Release|x64
		{CE4D24A8-D142-9ADD-B69D-4C01C127E106}.Debug|Any CPU.ActiveCfg = Debug|Any CPU
		{CE4D24A8-D142-9ADD-B69D-4C01C127E106}.Debug|Any CPU.Build.0 = Debug|Any CPU
		{CE4D24A8-D142-9ADD-B69D-4C01C127E106}.Debug|x64.ActiveCfg = Debug|Any CPU
		{CE4D24A8-D142-9ADD-B69D-4C01C127E106}.Debug|x64.Build.0 = Debug|Any CPU
		{CE4D24A8-D142-9ADD-B69D-4C01C127E106}.Release|Any CPU.ActiveCfg = Release|Any CPU
		{CE4D24A8-D142-9ADD-B69D-4C01C127E106}.Release|Any CPU.Build.0 = Release|Any CPU
		{CE4D24A8-D142-9ADD-B69D-4C01C127E106}.Release|x64.ActiveCfg = Release|Any CPU
		{CE4D24A8-D142-9ADD-B69D-4C01C127E106}.Release|x64.Build.0 = Release|Any CPU
		{BCDCB179-1767-BB70-4D25-40AE103EF232}.Debug|Any CPU.ActiveCfg = Debug|Any CPU
		{BCDCB179-1767-BB70-4D25-40AE103EF232}.Debug|Any CPU.Build.0 = Debug|Any CPU
		{BCDCB179-1767-BB70-4D25-40AE103EF232}.Debug|x64.ActiveCfg = Debug|x64
		{BCDCB179-1767-BB70-4D25-40AE103EF232}.Debug|x64.Build.0 = Debug|x64
		{BCDCB179-1767-BB70-4D25-40AE103EF232}.Release|Any CPU.ActiveCfg = Release|Any CPU
		{BCDCB179-1767-BB70-4D25-40AE103EF232}.Release|Any CPU.Build.0 = Release|Any CPU
		{BCDCB179-1767-BB70-4D25-40AE103EF232}.Release|x64.ActiveCfg = Release|x64
		{BCDCB179-1767-BB70-4D25-40AE103EF232}.Release|x64.Build.0 = Release|x64
		{30216AB5-6C58-F67C-FC1E-C32C7A496CC0}.Debug|Any CPU.ActiveCfg = Debug|Any CPU
		{30216AB5-6C58-F67C-FC1E-C32C7A496CC0}.Debug|Any CPU.Build.0 = Debug|Any CPU
		{30216AB5-6C58-F67C-FC1E-C32C7A496CC0}.Debug|x64.ActiveCfg = Debug|Any CPU
		{30216AB5-6C58-F67C-FC1E-C32C7A496CC0}.Debug|x64.Build.0 = Debug|Any CPU
		{30216AB5-6C58-F67C-FC1E-C32C7A496CC0}.Release|Any CPU.ActiveCfg = Release|Any CPU
		{30216AB5-6C58-F67C-FC1E-C32C7A496CC0}.Release|Any CPU.Build.0 = Release|Any CPU
		{30216AB5-6C58-F67C-FC1E-C32C7A496CC0}.Release|x64.ActiveCfg = Release|Any CPU
		{30216AB5-6C58-F67C-FC1E-C32C7A496CC0}.Release|x64.Build.0 = Release|Any CPU
		{C2BC27BC-CF79-F4C1-7595-9D0ACC923ECD}.Debug|Any CPU.ActiveCfg = Debug|Any CPU
		{C2BC27BC-CF79-F4C1-7595-9D0ACC923ECD}.Debug|Any CPU.Build.0 = Debug|Any CPU
		{C2BC27BC-CF79-F4C1-7595-9D0ACC923ECD}.Debug|x64.ActiveCfg = Debug|x64
		{C2BC27BC-CF79-F4C1-7595-9D0ACC923ECD}.Debug|x64.Build.0 = Debug|x64
		{C2BC27BC-CF79-F4C1-7595-9D0ACC923ECD}.Release|Any CPU.ActiveCfg = Release|Any CPU
		{C2BC27BC-CF79-F4C1-7595-9D0ACC923ECD}.Release|Any CPU.Build.0 = Release|Any CPU
		{C2BC27BC-CF79-F4C1-7595-9D0ACC923ECD}.Release|x64.ActiveCfg = Release|x64
		{C2BC27BC-CF79-F4C1-7595-9D0ACC923ECD}.Release|x64.Build.0 = Release|x64
		{7E0189AB-5EDC-A1EE-37C7-C3D1B469E22E}.Debug|Any CPU.ActiveCfg = Debug|Any CPU
		{7E0189AB-5EDC-A1EE-37C7-C3D1B469E22E}.Debug|Any CPU.Build.0 = Debug|Any CPU
		{7E0189AB-5EDC-A1EE-37C7-C3D1B469E22E}.Debug|x64.ActiveCfg = Debug|Any CPU
		{7E0189AB-5EDC-A1EE-37C7-C3D1B469E22E}.Debug|x64.Build.0 = Debug|Any CPU
		{7E0189AB-5EDC-A1EE-37C7-C3D1B469E22E}.Release|Any CPU.ActiveCfg = Release|Any CPU
		{7E0189AB-5EDC-A1EE-37C7-C3D1B469E22E}.Release|Any CPU.Build.0 = Release|Any CPU
		{7E0189AB-5EDC-A1EE-37C7-C3D1B469E22E}.Release|x64.ActiveCfg = Release|Any CPU
		{7E0189AB-5EDC-A1EE-37C7-C3D1B469E22E}.Release|x64.Build.0 = Release|Any CPU
		{784701D7-628E-23DF-B7F9-B0ABA8E0ACA9}.Debug|Any CPU.ActiveCfg = Debug|Any CPU
		{784701D7-628E-23DF-B7F9-B0ABA8E0ACA9}.Debug|Any CPU.Build.0 = Debug|Any CPU
		{784701D7-628E-23DF-B7F9-B0ABA8E0ACA9}.Debug|x64.ActiveCfg = Debug|Any CPU
		{784701D7-628E-23DF-B7F9-B0ABA8E0ACA9}.Debug|x64.Build.0 = Debug|Any CPU
		{784701D7-628E-23DF-B7F9-B0ABA8E0ACA9}.Release|Any CPU.ActiveCfg = Release|Any CPU
		{784701D7-628E-23DF-B7F9-B0ABA8E0ACA9}.Release|Any CPU.Build.0 = Release|Any CPU
		{784701D7-628E-23DF-B7F9-B0ABA8E0ACA9}.Release|x64.ActiveCfg = Release|Any CPU
		{784701D7-628E-23DF-B7F9-B0ABA8E0ACA9}.Release|x64.Build.0 = Release|Any CPU
	EndGlobalSection
	GlobalSection(SolutionProperties) = preSolution
		HideSolutionNode = FALSE
	EndGlobalSection
	GlobalSection(NestedProjects) = preSolution
		{05109E72-8E41-4BE7-99E0-CD4907EA3F59} = {8EEDACC2-BBB6-4002-8CC4-06E922F29ECD}
		{84652B9B-A8B9-49E1-9A5C-53C040C12A7A} = {8EEDACC2-BBB6-4002-8CC4-06E922F29ECD}
		{CA7CAB60-2892-4219-9667-AAB7EF9CED69} = {8EEDACC2-BBB6-4002-8CC4-06E922F29ECD}
		{9393C53D-6F6C-4A9E-B0E7-3641C2B84048} = {8EEDACC2-BBB6-4002-8CC4-06E922F29ECD}
		{DA2CB659-CE97-4A40-B3C6-736A1C0C5344} = {8EEDACC2-BBB6-4002-8CC4-06E922F29ECD}
		{62B1A7CA-767F-4FBA-BA49-A9EFE846C455} = {8EEDACC2-BBB6-4002-8CC4-06E922F29ECD}
		{CA988525-74E5-4AA8-B693-05F23CE35EEE} = {8EEDACC2-BBB6-4002-8CC4-06E922F29ECD}
		{2E309D68-12BB-483A-8D18-4BE97152A35F} = {8EEDACC2-BBB6-4002-8CC4-06E922F29ECD}
		{3E05D1BD-3432-4774-9502-3B716CA40D26} = {8EEDACC2-BBB6-4002-8CC4-06E922F29ECD}
		{57E7BED5-C075-4064-B93A-71182DD09FF9} = {8EEDACC2-BBB6-4002-8CC4-06E922F29ECD}
		{8FDAB75F-5ED6-4499-A128-9153E8593CF0} = {8EEDACC2-BBB6-4002-8CC4-06E922F29ECD}
		{81801E09-E74B-4208-A06D-50760C10AD2F} = {8EEDACC2-BBB6-4002-8CC4-06E922F29ECD}
		{7F2AA8CF-464D-429A-9AB9-CD5E7E5EB0CA} = {8EEDACC2-BBB6-4002-8CC4-06E922F29ECD}
		{A889ED04-67EE-41C6-9622-CAA1D854381D} = {8EEDACC2-BBB6-4002-8CC4-06E922F29ECD}
		{518B403F-CE96-4DF2-B0A3-F91B786C9D83} = {8EEDACC2-BBB6-4002-8CC4-06E922F29ECD}
		{626C52D9-775D-8A7B-E8DF-236B18858F56} = {8EEDACC2-BBB6-4002-8CC4-06E922F29ECD}
		{68138793-E8F4-1CBB-6221-C831F95A97E7} = {02EA681E-C7D8-13C7-8484-4AC65E1B71E8}
		{E37B3846-F08B-42D7-B195-17D5FE5C3CCB} = {CBF529B0-820E-4578-BE05-0A094FF8405B}
		{0A1F9E17-DDC8-4145-86DF-0CB448282DF0} = {CBF529B0-820E-4578-BE05-0A094FF8405B}
		{F40A107C-FC31-D971-ABF1-B985025722D3} = {E37B3846-F08B-42D7-B195-17D5FE5C3CCB}
		{7E760686-4E49-67F3-A666-B19B9B821A50} = {E37B3846-F08B-42D7-B195-17D5FE5C3CCB}
		{2C4DD28D-4442-2F35-0CF0-CE2A88C1CD77} = {E37B3846-F08B-42D7-B195-17D5FE5C3CCB}
		{CE4D24A8-D142-9ADD-B69D-4C01C127E106} = {E37B3846-F08B-42D7-B195-17D5FE5C3CCB}
		{BCDCB179-1767-BB70-4D25-40AE103EF232} = {0A1F9E17-DDC8-4145-86DF-0CB448282DF0}
		{30216AB5-6C58-F67C-FC1E-C32C7A496CC0} = {0A1F9E17-DDC8-4145-86DF-0CB448282DF0}
		{C2BC27BC-CF79-F4C1-7595-9D0ACC923ECD} = {0A1F9E17-DDC8-4145-86DF-0CB448282DF0}
		{7E0189AB-5EDC-A1EE-37C7-C3D1B469E22E} = {0A1F9E17-DDC8-4145-86DF-0CB448282DF0}
		{784701D7-628E-23DF-B7F9-B0ABA8E0ACA9} = {8EEDACC2-BBB6-4002-8CC4-06E922F29ECD}
	EndGlobalSection
	GlobalSection(ExtensibilityGlobals) = postSolution
		SolutionGuid = {7668E53B-AA87-498A-A3C0-6B7888DDCEFB}
	EndGlobalSection
EndGlobal
