
Microsoft Visual Studio Solution File, Format Version 12.00
# Visual Studio 15
VisualStudioVersion = 15.0.26228.92
MinimumVisualStudioVersion = 10.0.40219.1
Project("{9A19103F-16F7-4668-BE54-9A1E7A4F7556}") = "SyZero.Common", "SyZero.Common\SyZero.Common.csproj", "{968DDA56-084C-496A-ACCC-EE0F4E0E2DE7}"
EndProject
Project("{2150E333-8FDC-42A3-9474-1A3956D46DE8}") = "2-SyZero", "2-SyZero", "{681397FB-C9A6-4FCC-ABC7-E99584206316}"
EndProject
Project("{2150E333-8FDC-42A3-9474-1A3956D46DE8}") = "1-Presentation", "1-Presentation", "{831B5347-D82B-47AC-B432-3458FA949DAE}"
EndProject
Project("{9A19103F-16F7-4668-BE54-9A1E7A4F7556}") = "SyZero", "SyZero\SyZero.csproj", "{75B39E14-9C06-4555-8D10-837D09DC9FB7}"
EndProject
Project("{9A19103F-16F7-4668-BE54-9A1E7A4F7556}") = "SyZero.AutoMapper", "SyZero.AutoMapper\SyZero.AutoMapper.csproj", "{DB37FEBB-7EEC-4D56-BDC6-A44126D11093}"
EndProject
Project("{9A19103F-16F7-4668-BE54-9A1E7A4F7556}") = "SyZero.Log4Net", "SyZero.Log4Net\SyZero.Log4Net.csproj", "{544E1098-905A-4535-BA72-D9D7424ADEA8}"
EndProject
Project("{9A19103F-16F7-4668-BE54-9A1E7A4F7556}") = "SyZero.EntityFrameworkCore", "SyZero.EntityFrameworkCore\SyZero.EntityFrameworkCore.csproj", "{068B070F-5AA7-4A28-9BAD-9A6A9B8BD498}"
EndProject
Project("{9A19103F-16F7-4668-BE54-9A1E7A4F7556}") = "SyZero.MongoDB", "SyZero.MongoDB\SyZero.MongoDB.csproj", "{8EEBA0F0-0BAD-4599-AAA3-1E0411FD1DA5}"
EndProject
Project("{9A19103F-16F7-4668-BE54-9A1E7A4F7556}") = "Example.Web", "Example.Web\Example.Web.csproj", "{217F39D6-3519-44B6-A9A4-821E3F4F541E}"
EndProject
Project("{9A19103F-16F7-4668-BE54-9A1E7A4F7556}") = "Example.Core", "Example.Core\Example.Core.csproj", "{CBAB1AFB-A5D2-406E-A514-0F7AD0E67226}"
EndProject
Project("{9A19103F-16F7-4668-BE54-9A1E7A4F7556}") = "Example.Application", "Example.Application\Example.Application.csproj", "{B28C014E-804E-4591-BE62-4BA795BBEAD7}"
EndProject
Project("{9A19103F-16F7-4668-BE54-9A1E7A4F7556}") = "Example.Web.Core", "Example.Web.Core\Example.Web.Core.csproj", "{11859642-69AB-4FBF-A7E8-2CB31007B91D}"
EndProject
Project("{9A19103F-16F7-4668-BE54-9A1E7A4F7556}") = "Example.EntityFrameworkCore", "Example.EntityFrameworkCore\Example.EntityFrameworkCore.csproj", "{5BE06620-FD38-48A0-8643-55BDE3B4F833}"
EndProject
Project("{FAE04EC0-301F-11D3-BF4B-00C04F79EFBC}") = "SyZero.Web.Common", "SyZero.Web.Common\SyZero.Web.Common.csproj", "{2DE3845F-7FC7-4B94-A2BA-86599E0A9AA1}"
EndProject
Global
	GlobalSection(SolutionConfigurationPlatforms) = preSolution
		Debug|Any CPU = Debug|Any CPU
		Release|Any CPU = Release|Any CPU
	EndGlobalSection
	GlobalSection(ProjectConfigurationPlatforms) = postSolution
		{968DDA56-084C-496A-ACCC-EE0F4E0E2DE7}.Debug|Any CPU.ActiveCfg = Debug|Any CPU
		{968DDA56-084C-496A-ACCC-EE0F4E0E2DE7}.Debug|Any CPU.Build.0 = Debug|Any CPU
		{968DDA56-084C-496A-ACCC-EE0F4E0E2DE7}.Release|Any CPU.ActiveCfg = Release|Any CPU
		{968DDA56-084C-496A-ACCC-EE0F4E0E2DE7}.Release|Any CPU.Build.0 = Release|Any CPU
		{75B39E14-9C06-4555-8D10-837D09DC9FB7}.Debug|Any CPU.ActiveCfg = Debug|Any CPU
		{75B39E14-9C06-4555-8D10-837D09DC9FB7}.Debug|Any CPU.Build.0 = Debug|Any CPU
		{75B39E14-9C06-4555-8D10-837D09DC9FB7}.Release|Any CPU.ActiveCfg = Release|Any CPU
		{75B39E14-9C06-4555-8D10-837D09DC9FB7}.Release|Any CPU.Build.0 = Release|Any CPU
		{DB37FEBB-7EEC-4D56-BDC6-A44126D11093}.Debug|Any CPU.ActiveCfg = Debug|Any CPU
		{DB37FEBB-7EEC-4D56-BDC6-A44126D11093}.Debug|Any CPU.Build.0 = Debug|Any CPU
		{DB37FEBB-7EEC-4D56-BDC6-A44126D11093}.Release|Any CPU.ActiveCfg = Release|Any CPU
		{DB37FEBB-7EEC-4D56-BDC6-A44126D11093}.Release|Any CPU.Build.0 = Release|Any CPU
		{544E1098-905A-4535-BA72-D9D7424ADEA8}.Debug|Any CPU.ActiveCfg = Debug|Any CPU
		{544E1098-905A-4535-BA72-D9D7424ADEA8}.Debug|Any CPU.Build.0 = Debug|Any CPU
		{544E1098-905A-4535-BA72-D9D7424ADEA8}.Release|Any CPU.ActiveCfg = Release|Any CPU
		{544E1098-905A-4535-BA72-D9D7424ADEA8}.Release|Any CPU.Build.0 = Release|Any CPU
		{068B070F-5AA7-4A28-9BAD-9A6A9B8BD498}.Debug|Any CPU.ActiveCfg = Debug|Any CPU
		{068B070F-5AA7-4A28-9BAD-9A6A9B8BD498}.Debug|Any CPU.Build.0 = Debug|Any CPU
		{068B070F-5AA7-4A28-9BAD-9A6A9B8BD498}.Release|Any CPU.ActiveCfg = Release|Any CPU
		{068B070F-5AA7-4A28-9BAD-9A6A9B8BD498}.Release|Any CPU.Build.0 = Release|Any CPU
		{8EEBA0F0-0BAD-4599-AAA3-1E0411FD1DA5}.Debug|Any CPU.ActiveCfg = Debug|Any CPU
		{8EEBA0F0-0BAD-4599-AAA3-1E0411FD1DA5}.Debug|Any CPU.Build.0 = Debug|Any CPU
		{8EEBA0F0-0BAD-4599-AAA3-1E0411FD1DA5}.Release|Any CPU.ActiveCfg = Release|Any CPU
		{8EEBA0F0-0BAD-4599-AAA3-1E0411FD1DA5}.Release|Any CPU.Build.0 = Release|Any CPU
		{217F39D6-3519-44B6-A9A4-821E3F4F541E}.Debug|Any CPU.ActiveCfg = Debug|Any CPU
		{217F39D6-3519-44B6-A9A4-821E3F4F541E}.Debug|Any CPU.Build.0 = Debug|Any CPU
		{217F39D6-3519-44B6-A9A4-821E3F4F541E}.Release|Any CPU.ActiveCfg = Release|Any CPU
		{217F39D6-3519-44B6-A9A4-821E3F4F541E}.Release|Any CPU.Build.0 = Release|Any CPU
		{CBAB1AFB-A5D2-406E-A514-0F7AD0E67226}.Debug|Any CPU.ActiveCfg = Debug|Any CPU
		{CBAB1AFB-A5D2-406E-A514-0F7AD0E67226}.Debug|Any CPU.Build.0 = Debug|Any CPU
		{CBAB1AFB-A5D2-406E-A514-0F7AD0E67226}.Release|Any CPU.ActiveCfg = Release|Any CPU
		{CBAB1AFB-A5D2-406E-A514-0F7AD0E67226}.Release|Any CPU.Build.0 = Release|Any CPU
		{B28C014E-804E-4591-BE62-4BA795BBEAD7}.Debug|Any CPU.ActiveCfg = Debug|Any CPU
		{B28C014E-804E-4591-BE62-4BA795BBEAD7}.Debug|Any CPU.Build.0 = Debug|Any CPU
		{B28C014E-804E-4591-BE62-4BA795BBEAD7}.Release|Any CPU.ActiveCfg = Release|Any CPU
		{B28C014E-804E-4591-BE62-4BA795BBEAD7}.Release|Any CPU.Build.0 = Release|Any CPU
		{11859642-69AB-4FBF-A7E8-2CB31007B91D}.Debug|Any CPU.ActiveCfg = Debug|Any CPU
		{11859642-69AB-4FBF-A7E8-2CB31007B91D}.Debug|Any CPU.Build.0 = Debug|Any CPU
		{11859642-69AB-4FBF-A7E8-2CB31007B91D}.Release|Any CPU.ActiveCfg = Release|Any CPU
		{11859642-69AB-4FBF-A7E8-2CB31007B91D}.Release|Any CPU.Build.0 = Release|Any CPU
		{5BE06620-FD38-48A0-8643-55BDE3B4F833}.Debug|Any CPU.ActiveCfg = Debug|Any CPU
		{5BE06620-FD38-48A0-8643-55BDE3B4F833}.Debug|Any CPU.Build.0 = Debug|Any CPU
		{5BE06620-FD38-48A0-8643-55BDE3B4F833}.Release|Any CPU.ActiveCfg = Release|Any CPU
		{5BE06620-FD38-48A0-8643-55BDE3B4F833}.Release|Any CPU.Build.0 = Release|Any CPU
		{2DE3845F-7FC7-4B94-A2BA-86599E0A9AA1}.Debug|Any CPU.ActiveCfg = Debug|Any CPU
		{2DE3845F-7FC7-4B94-A2BA-86599E0A9AA1}.Debug|Any CPU.Build.0 = Debug|Any CPU
		{2DE3845F-7FC7-4B94-A2BA-86599E0A9AA1}.Release|Any CPU.ActiveCfg = Release|Any CPU
		{2DE3845F-7FC7-4B94-A2BA-86599E0A9AA1}.Release|Any CPU.Build.0 = Release|Any CPU
	EndGlobalSection
	GlobalSection(SolutionProperties) = preSolution
		HideSolutionNode = FALSE
	EndGlobalSection
	GlobalSection(NestedProjects) = preSolution
		{968DDA56-084C-496A-ACCC-EE0F4E0E2DE7} = {681397FB-C9A6-4FCC-ABC7-E99584206316}
		{75B39E14-9C06-4555-8D10-837D09DC9FB7} = {681397FB-C9A6-4FCC-ABC7-E99584206316}
		{DB37FEBB-7EEC-4D56-BDC6-A44126D11093} = {681397FB-C9A6-4FCC-ABC7-E99584206316}
		{544E1098-905A-4535-BA72-D9D7424ADEA8} = {681397FB-C9A6-4FCC-ABC7-E99584206316}
		{068B070F-5AA7-4A28-9BAD-9A6A9B8BD498} = {681397FB-C9A6-4FCC-ABC7-E99584206316}
		{8EEBA0F0-0BAD-4599-AAA3-1E0411FD1DA5} = {681397FB-C9A6-4FCC-ABC7-E99584206316}
		{217F39D6-3519-44B6-A9A4-821E3F4F541E} = {831B5347-D82B-47AC-B432-3458FA949DAE}
		{CBAB1AFB-A5D2-406E-A514-0F7AD0E67226} = {831B5347-D82B-47AC-B432-3458FA949DAE}
		{B28C014E-804E-4591-BE62-4BA795BBEAD7} = {831B5347-D82B-47AC-B432-3458FA949DAE}
		{11859642-69AB-4FBF-A7E8-2CB31007B91D} = {831B5347-D82B-47AC-B432-3458FA949DAE}
		{5BE06620-FD38-48A0-8643-55BDE3B4F833} = {831B5347-D82B-47AC-B432-3458FA949DAE}
		{2DE3845F-7FC7-4B94-A2BA-86599E0A9AA1} = {681397FB-C9A6-4FCC-ABC7-E99584206316}
	EndGlobalSection
	GlobalSection(ExtensibilityGlobals) = postSolution
		SolutionGuid = {7668E53B-AA87-498A-A3C0-6B7888DDCEFB}
	EndGlobalSection
EndGlobal
