
Microsoft Visual Studio Solution File, Format Version 12.00
# Visual Studio 15
VisualStudioVersion = 15.0.28010.2003
MinimumVisualStudioVersion = 10.0.40219.1
Project("{9A19103F-16F7-4668-BE54-9A1E7A4F7556}") = "SyZero.BlogAPI", "SyZero.BlogAPI\SyZero.BlogAPI.csproj", "{29D08290-5336-4196-85EB-771AC6C2155C}"
EndProject
Project("{9A19103F-16F7-4668-BE54-9A1E7A4F7556}") = "SyZero.Common", "SyZero.Common\SyZero.Common.csproj", "{968DDA56-084C-496A-ACCC-EE0F4E0E2DE7}"
EndProject
Project("{2150E333-8FDC-42A3-9474-1A3956D46DE8}") = "4-Infrastructure", "4-Infrastructure", "{681397FB-C9A6-4FCC-ABC7-E99584206316}"
EndProject
Project("{2150E333-8FDC-42A3-9474-1A3956D46DE8}") = "3-Domain", "3-Domain", "{ABC1DD00-45CB-408B-87D8-73E4D6589AA3}"
EndProject
Project("{2150E333-8FDC-42A3-9474-1A3956D46DE8}") = "2-Application", "2-Application", "{78E92136-4AFE-4B41-92F4-7CBA60045564}"
EndProject
Project("{2150E333-8FDC-42A3-9474-1A3956D46DE8}") = "1-Presentation", "1-Presentation", "{831B5347-D82B-47AC-B432-3458FA949DAE}"
EndProject
Project("{9A19103F-16F7-4668-BE54-9A1E7A4F7556}") = "SyZero.Application", "SyZero.Application\SyZero.Application.csproj", "{7B2455F5-3E80-4BCF-9158-EFD69C00AFBC}"
EndProject
Project("{9A19103F-16F7-4668-BE54-9A1E7A4F7556}") = "SyZero.Domain.DomainService", "SyZero.Domain.DomainService\SyZero.Domain.DomainService.csproj", "{B75162A3-C666-47C8-B2F6-0C9130FD68E1}"
EndProject
Project("{9A19103F-16F7-4668-BE54-9A1E7A4F7556}") = "SyZero.Domain.Interface", "SyZero.Domain.Interface\SyZero.Domain.Interface.csproj", "{B7FB78CC-D0E4-43D7-B1FC-4E9B156CF815}"
EndProject
Project("{9A19103F-16F7-4668-BE54-9A1E7A4F7556}") = "SyZero.Domain.Model", "SyZero.Domain.Model\SyZero.Domain.Model.csproj", "{F48FAEE0-8055-4721-B6C6-E5841886EB30}"
EndProject
Project("{9A19103F-16F7-4668-BE54-9A1E7A4F7556}") = "SyZero.Infrastructure.EntityFramework", "SyZero.Infrastructure.EntityFramework\SyZero.Infrastructure.EntityFramework.csproj", "{22F8FE52-E2D6-4603-B9B1-E0EFA756BD46}"
EndProject
Project("{9A19103F-16F7-4668-BE54-9A1E7A4F7556}") = "SyZero.Infrastructure.Mongo", "SyZero.Infrastructure.Mongo\SyZero.Infrastructure.Mongo.csproj", "{44B342B7-5FAB-4F11-B113-E5EAA51D8195}"
EndProject
Project("{9A19103F-16F7-4668-BE54-9A1E7A4F7556}") = "SyZero.Infrastructure.MongoRepository", "SyZero.Infrastructure.MongoRepository\SyZero.Infrastructure.MongoRepository.csproj", "{101443A3-3149-40D2-A2EC-78B482BBA5FA}"
EndProject
Project("{9A19103F-16F7-4668-BE54-9A1E7A4F7556}") = "SyZero.Infrastructure.EfRepository", "SyZero.Infrastructure.EfRepository\SyZero.Infrastructure.EfRepository.csproj", "{40D5B10B-DEE6-417C-83BB-196DF9640948}"
EndProject
Global
	GlobalSection(SolutionConfigurationPlatforms) = preSolution
		Debug|Any CPU = Debug|Any CPU
		Release|Any CPU = Release|Any CPU
	EndGlobalSection
	GlobalSection(ProjectConfigurationPlatforms) = postSolution
		{29D08290-5336-4196-85EB-771AC6C2155C}.Debug|Any CPU.ActiveCfg = Debug|Any CPU
		{29D08290-5336-4196-85EB-771AC6C2155C}.Debug|Any CPU.Build.0 = Debug|Any CPU
		{29D08290-5336-4196-85EB-771AC6C2155C}.Release|Any CPU.ActiveCfg = Release|Any CPU
		{29D08290-5336-4196-85EB-771AC6C2155C}.Release|Any CPU.Build.0 = Release|Any CPU
		{968DDA56-084C-496A-ACCC-EE0F4E0E2DE7}.Debug|Any CPU.ActiveCfg = Debug|Any CPU
		{968DDA56-084C-496A-ACCC-EE0F4E0E2DE7}.Debug|Any CPU.Build.0 = Debug|Any CPU
		{968DDA56-084C-496A-ACCC-EE0F4E0E2DE7}.Release|Any CPU.ActiveCfg = Release|Any CPU
		{968DDA56-084C-496A-ACCC-EE0F4E0E2DE7}.Release|Any CPU.Build.0 = Release|Any CPU
		{7B2455F5-3E80-4BCF-9158-EFD69C00AFBC}.Debug|Any CPU.ActiveCfg = Debug|Any CPU
		{7B2455F5-3E80-4BCF-9158-EFD69C00AFBC}.Debug|Any CPU.Build.0 = Debug|Any CPU
		{7B2455F5-3E80-4BCF-9158-EFD69C00AFBC}.Release|Any CPU.ActiveCfg = Release|Any CPU
		{7B2455F5-3E80-4BCF-9158-EFD69C00AFBC}.Release|Any CPU.Build.0 = Release|Any CPU
		{B75162A3-C666-47C8-B2F6-0C9130FD68E1}.Debug|Any CPU.ActiveCfg = Debug|Any CPU
		{B75162A3-C666-47C8-B2F6-0C9130FD68E1}.Debug|Any CPU.Build.0 = Debug|Any CPU
		{B75162A3-C666-47C8-B2F6-0C9130FD68E1}.Release|Any CPU.ActiveCfg = Release|Any CPU
		{B75162A3-C666-47C8-B2F6-0C9130FD68E1}.Release|Any CPU.Build.0 = Release|Any CPU
		{B7FB78CC-D0E4-43D7-B1FC-4E9B156CF815}.Debug|Any CPU.ActiveCfg = Debug|Any CPU
		{B7FB78CC-D0E4-43D7-B1FC-4E9B156CF815}.Debug|Any CPU.Build.0 = Debug|Any CPU
		{B7FB78CC-D0E4-43D7-B1FC-4E9B156CF815}.Release|Any CPU.ActiveCfg = Release|Any CPU
		{B7FB78CC-D0E4-43D7-B1FC-4E9B156CF815}.Release|Any CPU.Build.0 = Release|Any CPU
		{F48FAEE0-8055-4721-B6C6-E5841886EB30}.Debug|Any CPU.ActiveCfg = Debug|Any CPU
		{F48FAEE0-8055-4721-B6C6-E5841886EB30}.Debug|Any CPU.Build.0 = Debug|Any CPU
		{F48FAEE0-8055-4721-B6C6-E5841886EB30}.Release|Any CPU.ActiveCfg = Release|Any CPU
		{F48FAEE0-8055-4721-B6C6-E5841886EB30}.Release|Any CPU.Build.0 = Release|Any CPU
		{22F8FE52-E2D6-4603-B9B1-E0EFA756BD46}.Debug|Any CPU.ActiveCfg = Debug|Any CPU
		{22F8FE52-E2D6-4603-B9B1-E0EFA756BD46}.Debug|Any CPU.Build.0 = Debug|Any CPU
		{22F8FE52-E2D6-4603-B9B1-E0EFA756BD46}.Release|Any CPU.ActiveCfg = Release|Any CPU
		{22F8FE52-E2D6-4603-B9B1-E0EFA756BD46}.Release|Any CPU.Build.0 = Release|Any CPU
		{44B342B7-5FAB-4F11-B113-E5EAA51D8195}.Debug|Any CPU.ActiveCfg = Debug|Any CPU
		{44B342B7-5FAB-4F11-B113-E5EAA51D8195}.Debug|Any CPU.Build.0 = Debug|Any CPU
		{44B342B7-5FAB-4F11-B113-E5EAA51D8195}.Release|Any CPU.ActiveCfg = Release|Any CPU
		{44B342B7-5FAB-4F11-B113-E5EAA51D8195}.Release|Any CPU.Build.0 = Release|Any CPU
		{101443A3-3149-40D2-A2EC-78B482BBA5FA}.Debug|Any CPU.ActiveCfg = Debug|Any CPU
		{101443A3-3149-40D2-A2EC-78B482BBA5FA}.Debug|Any CPU.Build.0 = Debug|Any CPU
		{101443A3-3149-40D2-A2EC-78B482BBA5FA}.Release|Any CPU.ActiveCfg = Release|Any CPU
		{101443A3-3149-40D2-A2EC-78B482BBA5FA}.Release|Any CPU.Build.0 = Release|Any CPU
		{40D5B10B-DEE6-417C-83BB-196DF9640948}.Debug|Any CPU.ActiveCfg = Debug|Any CPU
		{40D5B10B-DEE6-417C-83BB-196DF9640948}.Debug|Any CPU.Build.0 = Debug|Any CPU
		{40D5B10B-DEE6-417C-83BB-196DF9640948}.Release|Any CPU.ActiveCfg = Release|Any CPU
		{40D5B10B-DEE6-417C-83BB-196DF9640948}.Release|Any CPU.Build.0 = Release|Any CPU
	EndGlobalSection
	GlobalSection(SolutionProperties) = preSolution
		HideSolutionNode = FALSE
	EndGlobalSection
	GlobalSection(NestedProjects) = preSolution
		{29D08290-5336-4196-85EB-771AC6C2155C} = {831B5347-D82B-47AC-B432-3458FA949DAE}
		{968DDA56-084C-496A-ACCC-EE0F4E0E2DE7} = {681397FB-C9A6-4FCC-ABC7-E99584206316}
		{7B2455F5-3E80-4BCF-9158-EFD69C00AFBC} = {78E92136-4AFE-4B41-92F4-7CBA60045564}
		{B75162A3-C666-47C8-B2F6-0C9130FD68E1} = {ABC1DD00-45CB-408B-87D8-73E4D6589AA3}
		{B7FB78CC-D0E4-43D7-B1FC-4E9B156CF815} = {ABC1DD00-45CB-408B-87D8-73E4D6589AA3}
		{F48FAEE0-8055-4721-B6C6-E5841886EB30} = {ABC1DD00-45CB-408B-87D8-73E4D6589AA3}
		{22F8FE52-E2D6-4603-B9B1-E0EFA756BD46} = {681397FB-C9A6-4FCC-ABC7-E99584206316}
		{44B342B7-5FAB-4F11-B113-E5EAA51D8195} = {681397FB-C9A6-4FCC-ABC7-E99584206316}
		{101443A3-3149-40D2-A2EC-78B482BBA5FA} = {681397FB-C9A6-4FCC-ABC7-E99584206316}
		{40D5B10B-DEE6-417C-83BB-196DF9640948} = {681397FB-C9A6-4FCC-ABC7-E99584206316}
	EndGlobalSection
	GlobalSection(ExtensibilityGlobals) = postSolution
		SolutionGuid = {7668E53B-AA87-498A-A3C0-6B7888DDCEFB}
	EndGlobalSection
EndGlobal
